// !$*UTF8*$!
{
	archiveVersion = 1;
	classes = {
	};
	objectVersion = 48;
	objects = {

/* Begin PBXBuildFile section */
		0860F5A321186BE000E6B5CD /* ProjectInformation.swift in Sources */ = {isa = PBXBuildFile; fileRef = 0860F5A221186BE000E6B5CD /* ProjectInformation.swift */; };
		08CA588D2109ACC100AF4059 /* AppDelegate.swift in Sources */ = {isa = PBXBuildFile; fileRef = 08CA588C2109ACC100AF4059 /* AppDelegate.swift */; };
		08CA58972109ACC300AF4059 /* Assets.xcassets in Resources */ = {isa = PBXBuildFile; fileRef = 08CA58962109ACC300AF4059 /* Assets.xcassets */; };
		08CA589A2109ACC300AF4059 /* LaunchScreen.storyboard in Resources */ = {isa = PBXBuildFile; fileRef = 08CA58982109ACC300AF4059 /* LaunchScreen.storyboard */; };
		08CA58A22109AD0E00AF4059 /* Podfile in Resources */ = {isa = PBXBuildFile; fileRef = 08CA58A12109AD0E00AF4059 /* Podfile */; };
		08CA58BA2109F92300AF4059 /* icon_xl@2x.png in Resources */ = {isa = PBXBuildFile; fileRef = 08CA58B02109F92300AF4059 /* icon_xl@2x.png */; };
		08CA58BB2109F92300AF4059 /* icon_xl@3x.png in Resources */ = {isa = PBXBuildFile; fileRef = 08CA58B12109F92300AF4059 /* icon_xl@3x.png */; };
		08CA58BC2109F92300AF4059 /* icon_xl.png in Resources */ = {isa = PBXBuildFile; fileRef = 08CA58B22109F92300AF4059 /* icon_xl.png */; };
		08CA58BD2109F92300AF4059 /* icon_mr@2x.png in Resources */ = {isa = PBXBuildFile; fileRef = 08CA58B32109F92300AF4059 /* icon_mr@2x.png */; };
		08CA58BE2109F92300AF4059 /* icon_mr@3x.png in Resources */ = {isa = PBXBuildFile; fileRef = 08CA58B42109F92300AF4059 /* icon_mr@3x.png */; };
		08CA58BF2109F92300AF4059 /* Main_Breaker_Panel_Diagram.png in Resources */ = {isa = PBXBuildFile; fileRef = 08CA58B52109F92300AF4059 /* Main_Breaker_Panel_Diagram.png */; };
		08CA58C02109F92300AF4059 /* radio_Y.png in Resources */ = {isa = PBXBuildFile; fileRef = 08CA58B62109F92300AF4059 /* radio_Y.png */; };
		08CA58C12109F92300AF4059 /* radio_N.png in Resources */ = {isa = PBXBuildFile; fileRef = 08CA58B72109F92300AF4059 /* radio_N.png */; };
		08CA58C22109F92300AF4059 /* Truss_Type.png in Resources */ = {isa = PBXBuildFile; fileRef = 08CA58B82109F92300AF4059 /* Truss_Type.png */; };
		08CA58C32109F92300AF4059 /* icon_mr.png in Resources */ = {isa = PBXBuildFile; fileRef = 08CA58B92109F92300AF4059 /* icon_mr.png */; };
		08CA58D62109F92A00AF4059 /* newdelete_b@3x.png in Resources */ = {isa = PBXBuildFile; fileRef = 08CA58C62109F92A00AF4059 /* newdelete_b@3x.png */; };
		08CA58D72109F92A00AF4059 /* up_b@3x.png in Resources */ = {isa = PBXBuildFile; fileRef = 08CA58C72109F92A00AF4059 /* up_b@3x.png */; };
		08CA58D82109F92A00AF4059 /* up_b@2x.png in Resources */ = {isa = PBXBuildFile; fileRef = 08CA58C82109F92A00AF4059 /* up_b@2x.png */; };
		08CA58D92109F92A00AF4059 /* newdelete_b@2x.png in Resources */ = {isa = PBXBuildFile; fileRef = 08CA58C92109F92A00AF4059 /* newdelete_b@2x.png */; };
		08CA58DA2109F92A00AF4059 /* keyboard_magnifier@2x.png in Resources */ = {isa = PBXBuildFile; fileRef = 08CA58CA2109F92A00AF4059 /* keyboard_magnifier@2x.png */; };
		08CA58DB2109F92A00AF4059 /* keyboard_magnifier@3x.png in Resources */ = {isa = PBXBuildFile; fileRef = 08CA58CB2109F92A00AF4059 /* keyboard_magnifier@3x.png */; };
		08CA58DC2109F92A00AF4059 /* newdelete_a@2x.png in Resources */ = {isa = PBXBuildFile; fileRef = 08CA58CC2109F92A00AF4059 /* newdelete_a@2x.png */; };
		08CA58DD2109F92A00AF4059 /* up_a@2x.png in Resources */ = {isa = PBXBuildFile; fileRef = 08CA58CD2109F92A00AF4059 /* up_a@2x.png */; };
		08CA58DE2109F92A00AF4059 /* up_a@3x.png in Resources */ = {isa = PBXBuildFile; fileRef = 08CA58CE2109F92A00AF4059 /* up_a@3x.png */; };
		08CA58DF2109F92A00AF4059 /* newdelete_a@3x.png in Resources */ = {isa = PBXBuildFile; fileRef = 08CA58CF2109F92A00AF4059 /* newdelete_a@3x.png */; };
		08CA58E02109F92A00AF4059 /* KeyBoardModel.swift in Sources */ = {isa = PBXBuildFile; fileRef = 08CA58D12109F92A00AF4059 /* KeyBoardModel.swift */; };
		08CA58E12109F92A00AF4059 /* KeyBoardTipView.swift in Sources */ = {isa = PBXBuildFile; fileRef = 08CA58D32109F92A00AF4059 /* KeyBoardTipView.swift */; };
		08CA58E22109F92A00AF4059 /* KeyBoardView.swift in Sources */ = {isa = PBXBuildFile; fileRef = 08CA58D42109F92A00AF4059 /* KeyBoardView.swift */; };
		08CA58E32109F92A00AF4059 /* KeyBoardCell.swift in Sources */ = {isa = PBXBuildFile; fileRef = 08CA58D52109F92A00AF4059 /* KeyBoardCell.swift */; };
		1647113821315B7D0044BB0F /* HGImageCompleteButton.swift in Sources */ = {isa = PBXBuildFile; fileRef = 1647113121315B7D0044BB0F /* HGImageCompleteButton.swift */; };
		1647113921315B7D0044BB0F /* HGImage.storyboard in Resources */ = {isa = PBXBuildFile; fileRef = 1647113221315B7D0044BB0F /* HGImage.storyboard */; };
		1647113A21315B7D0044BB0F /* HGImageCollectionViewController.swift in Sources */ = {isa = PBXBuildFile; fileRef = 1647113321315B7D0044BB0F /* HGImageCollectionViewController.swift */; };
		1647113B21315B7D0044BB0F /* HGImageCollectionViewCell.swift in Sources */ = {isa = PBXBuildFile; fileRef = 1647113421315B7D0044BB0F /* HGImageCollectionViewCell.swift */; };
		1647113C21315B7D0044BB0F /* HGImage.xcassets in Resources */ = {isa = PBXBuildFile; fileRef = 1647113521315B7D0044BB0F /* HGImage.xcassets */; };
		1647113D21315B7D0044BB0F /* HGImagePickerCell.swift in Sources */ = {isa = PBXBuildFile; fileRef = 1647113621315B7D0044BB0F /* HGImagePickerCell.swift */; };
		1647113E21315B7D0044BB0F /* HGImagePickerController.swift in Sources */ = {isa = PBXBuildFile; fileRef = 1647113721315B7D0044BB0F /* HGImagePickerController.swift */; };
		1647114521315BB20044BB0F /* ViewController.swift in Sources */ = {isa = PBXBuildFile; fileRef = 1647114021315BB20044BB0F /* ViewController.swift */; };
		1647114621315BB20044BB0F /* NewProjectViewController.swift in Sources */ = {isa = PBXBuildFile; fileRef = 1647114121315BB20044BB0F /* NewProjectViewController.swift */; };
		1647114721315BB20044BB0F /* Main.storyboard in Resources */ = {isa = PBXBuildFile; fileRef = 1647114221315BB20044BB0F /* Main.storyboard */; };
		1647114821315BB20044BB0F /* ProductListViewController.swift in Sources */ = {isa = PBXBuildFile; fileRef = 1647114321315BB20044BB0F /* ProductListViewController.swift */; };
		1647114921315BB20044BB0F /* ProjectListViewController.swift in Sources */ = {isa = PBXBuildFile; fileRef = 1647114421315BB20044BB0F /* ProjectListViewController.swift */; };
		1647115021315C9F0044BB0F /* UploadGoogleDrive.swift in Sources */ = {isa = PBXBuildFile; fileRef = 1647114B21315C9F0044BB0F /* UploadGoogleDrive.swift */; };
		1647115121315C9F0044BB0F /* UIViewController.swift in Sources */ = {isa = PBXBuildFile; fileRef = 1647114C21315C9F0044BB0F /* UIViewController.swift */; };
		1647115221315C9F0044BB0F /* UploadProject.swift in Sources */ = {isa = PBXBuildFile; fileRef = 1647114D21315C9F0044BB0F /* UploadProject.swift */; };
		1647115321315C9F0044BB0F /* CollapsibleTableViewHeader.swift in Sources */ = {isa = PBXBuildFile; fileRef = 1647114E21315C9F0044BB0F /* CollapsibleTableViewHeader.swift */; };
		1647115421315C9F0044BB0F /* QuestionsCell.swift in Sources */ = {isa = PBXBuildFile; fileRef = 1647114F21315C9F0044BB0F /* QuestionsCell.swift */; };
		1647115A21315CAA0044BB0F /* SiteAssessment.xcdatamodeld in Sources */ = {isa = PBXBuildFile; fileRef = 1647115621315CAA0044BB0F /* SiteAssessment.xcdatamodeld */; };
		1647115B21315CAA0044BB0F /* GoogleService-Info.plist in Resources */ = {isa = PBXBuildFile; fileRef = 1647115821315CAA0044BB0F /* GoogleService-Info.plist */; };
		1647115C21315CAA0044BB0F /* QuestionsList.plist in Resources */ = {isa = PBXBuildFile; fileRef = 1647115921315CAA0044BB0F /* QuestionsList.plist */; };
		16471185213162660044BB0F /* ProjectResultViewController.swift in Sources */ = {isa = PBXBuildFile; fileRef = 16471184213162660044BB0F /* ProjectResultViewController.swift */; };
		1647118821316B430044BB0F /* ProjectResultTableViewCell.swift in Sources */ = {isa = PBXBuildFile; fileRef = 1647118721316B430044BB0F /* ProjectResultTableViewCell.swift */; };
		1647118B21319F810044BB0F /* SiteRootModel.m in Sources */ = {isa = PBXBuildFile; fileRef = 1647118A21319F810044BB0F /* SiteRootModel.m */; };
		164711922132D7F00044BB0F /* THTool.swift in Sources */ = {isa = PBXBuildFile; fileRef = 164711912132D7F00044BB0F /* THTool.swift */; };
		1647119521357EB20044BB0F /* UIImag+Extension .swift in Sources */ = {isa = PBXBuildFile; fileRef = 1647119421357EB20044BB0F /* UIImag+Extension .swift */; };
		16AC3CD421358C470019AAD4 /* ProjectResultHeadView.swift in Sources */ = {isa = PBXBuildFile; fileRef = 16AC3CD321358C470019AAD4 /* ProjectResultHeadView.swift */; };
		16AC3CD621358C560019AAD4 /* ProjectResultHeadView.xib in Resources */ = {isa = PBXBuildFile; fileRef = 16AC3CD521358C560019AAD4 /* ProjectResultHeadView.xib */; };
		16AC3CD821359C7E0019AAD4 /* conmon.swift in Sources */ = {isa = PBXBuildFile; fileRef = 16AC3CD721359C7E0019AAD4 /* conmon.swift */; };
		5ED483882151F50F00401A5F /* AddProjectViewController.swift in Sources */ = {isa = PBXBuildFile; fileRef = 5ED483872151F50F00401A5F /* AddProjectViewController.swift */; };
		5ED4839321523A3700401A5F /* TQuestionTableViewCell.swift in Sources */ = {isa = PBXBuildFile; fileRef = 5ED4839221523A3700401A5F /* TQuestionTableViewCell.swift */; };
		5ED483952152434400401A5F /* TCheckBoxTableViewCell.swift in Sources */ = {isa = PBXBuildFile; fileRef = 5ED483942152434400401A5F /* TCheckBoxTableViewCell.swift */; };
		5ED48397215253B600401A5F /* TDiagramTableViewCell.swift in Sources */ = {isa = PBXBuildFile; fileRef = 5ED48396215253B600401A5F /* TDiagramTableViewCell.swift */; };
		9283352471F27ADC5055DF48 /* Pods_SiteAssessment.framework in Frameworks */ = {isa = PBXBuildFile; fileRef = 4F1C8F0CD99A2057F549487B /* Pods_SiteAssessment.framework */; };
/* End PBXBuildFile section */

/* Begin PBXFileReference section */
		0860F5A221186BE000E6B5CD /* ProjectInformation.swift */ = {isa = PBXFileReference; lastKnownFileType = sourcecode.swift; path = ProjectInformation.swift; sourceTree = "<group>"; };
		08CA58892109ACC100AF4059 /* SiteAssessment.app */ = {isa = PBXFileReference; explicitFileType = wrapper.application; includeInIndex = 0; path = SiteAssessment.app; sourceTree = BUILT_PRODUCTS_DIR; };
		08CA588C2109ACC100AF4059 /* AppDelegate.swift */ = {isa = PBXFileReference; lastKnownFileType = sourcecode.swift; path = AppDelegate.swift; sourceTree = "<group>"; };
		08CA58962109ACC300AF4059 /* Assets.xcassets */ = {isa = PBXFileReference; lastKnownFileType = folder.assetcatalog; path = Assets.xcassets; sourceTree = "<group>"; };
		08CA58992109ACC300AF4059 /* Base */ = {isa = PBXFileReference; lastKnownFileType = file.storyboard; name = Base; path = Base.lproj/LaunchScreen.storyboard; sourceTree = "<group>"; };
		08CA589B2109ACC300AF4059 /* Info.plist */ = {isa = PBXFileReference; lastKnownFileType = text.plist.xml; path = Info.plist; sourceTree = "<group>"; };
		08CA58A12109AD0E00AF4059 /* Podfile */ = {isa = PBXFileReference; lastKnownFileType = text; path = Podfile; sourceTree = "<group>"; xcLanguageSpecificationIdentifier = xcode.lang.ruby; };
		08CA58A52109B2B800AF4059 /* SiteAssessment-Bridging-Header.h */ = {isa = PBXFileReference; lastKnownFileType = sourcecode.c.h; path = "SiteAssessment-Bridging-Header.h"; sourceTree = "<group>"; };
		08CA58B02109F92300AF4059 /* icon_xl@2x.png */ = {isa = PBXFileReference; lastKnownFileType = image.png; path = "icon_xl@2x.png"; sourceTree = "<group>"; };
		08CA58B12109F92300AF4059 /* icon_xl@3x.png */ = {isa = PBXFileReference; lastKnownFileType = image.png; path = "icon_xl@3x.png"; sourceTree = "<group>"; };
		08CA58B22109F92300AF4059 /* icon_xl.png */ = {isa = PBXFileReference; lastKnownFileType = image.png; path = icon_xl.png; sourceTree = "<group>"; };
		08CA58B32109F92300AF4059 /* icon_mr@2x.png */ = {isa = PBXFileReference; lastKnownFileType = image.png; path = "icon_mr@2x.png"; sourceTree = "<group>"; };
		08CA58B42109F92300AF4059 /* icon_mr@3x.png */ = {isa = PBXFileReference; lastKnownFileType = image.png; path = "icon_mr@3x.png"; sourceTree = "<group>"; };
		08CA58B52109F92300AF4059 /* Main_Breaker_Panel_Diagram.png */ = {isa = PBXFileReference; lastKnownFileType = image.png; path = Main_Breaker_Panel_Diagram.png; sourceTree = "<group>"; };
		08CA58B62109F92300AF4059 /* radio_Y.png */ = {isa = PBXFileReference; lastKnownFileType = image.png; path = radio_Y.png; sourceTree = "<group>"; };
		08CA58B72109F92300AF4059 /* radio_N.png */ = {isa = PBXFileReference; lastKnownFileType = image.png; path = radio_N.png; sourceTree = "<group>"; };
		08CA58B82109F92300AF4059 /* Truss_Type.png */ = {isa = PBXFileReference; lastKnownFileType = image.png; path = Truss_Type.png; sourceTree = "<group>"; };
		08CA58B92109F92300AF4059 /* icon_mr.png */ = {isa = PBXFileReference; lastKnownFileType = image.png; path = icon_mr.png; sourceTree = "<group>"; };
		08CA58C62109F92A00AF4059 /* newdelete_b@3x.png */ = {isa = PBXFileReference; lastKnownFileType = image.png; path = "newdelete_b@3x.png"; sourceTree = "<group>"; };
		08CA58C72109F92A00AF4059 /* up_b@3x.png */ = {isa = PBXFileReference; lastKnownFileType = image.png; path = "up_b@3x.png"; sourceTree = "<group>"; };
		08CA58C82109F92A00AF4059 /* up_b@2x.png */ = {isa = PBXFileReference; lastKnownFileType = image.png; path = "up_b@2x.png"; sourceTree = "<group>"; };
		08CA58C92109F92A00AF4059 /* newdelete_b@2x.png */ = {isa = PBXFileReference; lastKnownFileType = image.png; path = "newdelete_b@2x.png"; sourceTree = "<group>"; };
		08CA58CA2109F92A00AF4059 /* keyboard_magnifier@2x.png */ = {isa = PBXFileReference; lastKnownFileType = image.png; path = "keyboard_magnifier@2x.png"; sourceTree = "<group>"; };
		08CA58CB2109F92A00AF4059 /* keyboard_magnifier@3x.png */ = {isa = PBXFileReference; lastKnownFileType = image.png; path = "keyboard_magnifier@3x.png"; sourceTree = "<group>"; };
		08CA58CC2109F92A00AF4059 /* newdelete_a@2x.png */ = {isa = PBXFileReference; lastKnownFileType = image.png; path = "newdelete_a@2x.png"; sourceTree = "<group>"; };
		08CA58CD2109F92A00AF4059 /* up_a@2x.png */ = {isa = PBXFileReference; lastKnownFileType = image.png; path = "up_a@2x.png"; sourceTree = "<group>"; };
		08CA58CE2109F92A00AF4059 /* up_a@3x.png */ = {isa = PBXFileReference; lastKnownFileType = image.png; path = "up_a@3x.png"; sourceTree = "<group>"; };
		08CA58CF2109F92A00AF4059 /* newdelete_a@3x.png */ = {isa = PBXFileReference; lastKnownFileType = image.png; path = "newdelete_a@3x.png"; sourceTree = "<group>"; };
		08CA58D12109F92A00AF4059 /* KeyBoardModel.swift */ = {isa = PBXFileReference; fileEncoding = 4; lastKnownFileType = sourcecode.swift; path = KeyBoardModel.swift; sourceTree = "<group>"; };
		08CA58D32109F92A00AF4059 /* KeyBoardTipView.swift */ = {isa = PBXFileReference; fileEncoding = 4; lastKnownFileType = sourcecode.swift; path = KeyBoardTipView.swift; sourceTree = "<group>"; };
		08CA58D42109F92A00AF4059 /* KeyBoardView.swift */ = {isa = PBXFileReference; fileEncoding = 4; lastKnownFileType = sourcecode.swift; path = KeyBoardView.swift; sourceTree = "<group>"; };
		08CA58D52109F92A00AF4059 /* KeyBoardCell.swift */ = {isa = PBXFileReference; fileEncoding = 4; lastKnownFileType = sourcecode.swift; path = KeyBoardCell.swift; sourceTree = "<group>"; };
		1647113121315B7D0044BB0F /* HGImageCompleteButton.swift */ = {isa = PBXFileReference; fileEncoding = 4; lastKnownFileType = sourcecode.swift; path = HGImageCompleteButton.swift; sourceTree = "<group>"; };
		1647113221315B7D0044BB0F /* HGImage.storyboard */ = {isa = PBXFileReference; fileEncoding = 4; lastKnownFileType = file.storyboard; path = HGImage.storyboard; sourceTree = "<group>"; };
		1647113321315B7D0044BB0F /* HGImageCollectionViewController.swift */ = {isa = PBXFileReference; fileEncoding = 4; lastKnownFileType = sourcecode.swift; path = HGImageCollectionViewController.swift; sourceTree = "<group>"; };
		1647113421315B7D0044BB0F /* HGImageCollectionViewCell.swift */ = {isa = PBXFileReference; fileEncoding = 4; lastKnownFileType = sourcecode.swift; path = HGImageCollectionViewCell.swift; sourceTree = "<group>"; };
		1647113521315B7D0044BB0F /* HGImage.xcassets */ = {isa = PBXFileReference; lastKnownFileType = folder.assetcatalog; path = HGImage.xcassets; sourceTree = "<group>"; };
		1647113621315B7D0044BB0F /* HGImagePickerCell.swift */ = {isa = PBXFileReference; fileEncoding = 4; lastKnownFileType = sourcecode.swift; path = HGImagePickerCell.swift; sourceTree = "<group>"; };
		1647113721315B7D0044BB0F /* HGImagePickerController.swift */ = {isa = PBXFileReference; fileEncoding = 4; lastKnownFileType = sourcecode.swift; path = HGImagePickerController.swift; sourceTree = "<group>"; };
		1647114021315BB20044BB0F /* ViewController.swift */ = {isa = PBXFileReference; fileEncoding = 4; lastKnownFileType = sourcecode.swift; path = ViewController.swift; sourceTree = "<group>"; };
		1647114121315BB20044BB0F /* NewProjectViewController.swift */ = {isa = PBXFileReference; fileEncoding = 4; lastKnownFileType = sourcecode.swift; path = NewProjectViewController.swift; sourceTree = "<group>"; };
		1647114221315BB20044BB0F /* Main.storyboard */ = {isa = PBXFileReference; fileEncoding = 4; lastKnownFileType = file.storyboard; path = Main.storyboard; sourceTree = "<group>"; };
		1647114321315BB20044BB0F /* ProductListViewController.swift */ = {isa = PBXFileReference; fileEncoding = 4; lastKnownFileType = sourcecode.swift; path = ProductListViewController.swift; sourceTree = "<group>"; };
		1647114421315BB20044BB0F /* ProjectListViewController.swift */ = {isa = PBXFileReference; fileEncoding = 4; lastKnownFileType = sourcecode.swift; path = ProjectListViewController.swift; sourceTree = "<group>"; };
		1647114B21315C9F0044BB0F /* UploadGoogleDrive.swift */ = {isa = PBXFileReference; fileEncoding = 4; lastKnownFileType = sourcecode.swift; path = UploadGoogleDrive.swift; sourceTree = "<group>"; };
		1647114C21315C9F0044BB0F /* UIViewController.swift */ = {isa = PBXFileReference; fileEncoding = 4; lastKnownFileType = sourcecode.swift; path = UIViewController.swift; sourceTree = "<group>"; };
		1647114D21315C9F0044BB0F /* UploadProject.swift */ = {isa = PBXFileReference; fileEncoding = 4; lastKnownFileType = sourcecode.swift; path = UploadProject.swift; sourceTree = "<group>"; };
		1647114E21315C9F0044BB0F /* CollapsibleTableViewHeader.swift */ = {isa = PBXFileReference; fileEncoding = 4; lastKnownFileType = sourcecode.swift; path = CollapsibleTableViewHeader.swift; sourceTree = "<group>"; };
		1647114F21315C9F0044BB0F /* QuestionsCell.swift */ = {isa = PBXFileReference; fileEncoding = 4; lastKnownFileType = sourcecode.swift; path = QuestionsCell.swift; sourceTree = "<group>"; };
		1647115721315CAA0044BB0F /* SiteAssessment.xcdatamodel */ = {isa = PBXFileReference; lastKnownFileType = wrapper.xcdatamodel; path = SiteAssessment.xcdatamodel; sourceTree = "<group>"; };
		1647115821315CAA0044BB0F /* GoogleService-Info.plist */ = {isa = PBXFileReference; fileEncoding = 4; lastKnownFileType = text.plist.xml; path = "GoogleService-Info.plist"; sourceTree = "<group>"; };
		1647115921315CAA0044BB0F /* QuestionsList.plist */ = {isa = PBXFileReference; fileEncoding = 4; lastKnownFileType = text.plist.xml; path = QuestionsList.plist; sourceTree = "<group>"; };
		16471184213162660044BB0F /* ProjectResultViewController.swift */ = {isa = PBXFileReference; lastKnownFileType = sourcecode.swift; path = ProjectResultViewController.swift; sourceTree = "<group>"; };
		1647118721316B430044BB0F /* ProjectResultTableViewCell.swift */ = {isa = PBXFileReference; lastKnownFileType = sourcecode.swift; path = ProjectResultTableViewCell.swift; sourceTree = "<group>"; };
		1647118921319F810044BB0F /* SiteRootModel.h */ = {isa = PBXFileReference; lastKnownFileType = sourcecode.c.h; path = SiteRootModel.h; sourceTree = "<group>"; };
		1647118A21319F810044BB0F /* SiteRootModel.m */ = {isa = PBXFileReference; lastKnownFileType = sourcecode.c.objc; path = SiteRootModel.m; sourceTree = "<group>"; };
		164711912132D7F00044BB0F /* THTool.swift */ = {isa = PBXFileReference; lastKnownFileType = sourcecode.swift; path = THTool.swift; sourceTree = "<group>"; };
		1647119421357EB20044BB0F /* UIImag+Extension .swift */ = {isa = PBXFileReference; lastKnownFileType = sourcecode.swift; path = "UIImag+Extension .swift"; sourceTree = "<group>"; };
		16AC3CD321358C470019AAD4 /* ProjectResultHeadView.swift */ = {isa = PBXFileReference; lastKnownFileType = sourcecode.swift; path = ProjectResultHeadView.swift; sourceTree = "<group>"; };
		16AC3CD521358C560019AAD4 /* ProjectResultHeadView.xib */ = {isa = PBXFileReference; lastKnownFileType = file.xib; path = ProjectResultHeadView.xib; sourceTree = "<group>"; };
		16AC3CD721359C7E0019AAD4 /* conmon.swift */ = {isa = PBXFileReference; lastKnownFileType = sourcecode.swift; path = conmon.swift; sourceTree = "<group>"; };
		4F1C8F0CD99A2057F549487B /* Pods_SiteAssessment.framework */ = {isa = PBXFileReference; explicitFileType = wrapper.framework; includeInIndex = 0; path = Pods_SiteAssessment.framework; sourceTree = BUILT_PRODUCTS_DIR; };
		5ED483872151F50F00401A5F /* AddProjectViewController.swift */ = {isa = PBXFileReference; lastKnownFileType = sourcecode.swift; path = AddProjectViewController.swift; sourceTree = "<group>"; };
		5ED4839221523A3700401A5F /* TQuestionTableViewCell.swift */ = {isa = PBXFileReference; lastKnownFileType = sourcecode.swift; path = TQuestionTableViewCell.swift; sourceTree = "<group>"; };
		5ED483942152434400401A5F /* TCheckBoxTableViewCell.swift */ = {isa = PBXFileReference; lastKnownFileType = sourcecode.swift; path = TCheckBoxTableViewCell.swift; sourceTree = "<group>"; };
		5ED48396215253B600401A5F /* TDiagramTableViewCell.swift */ = {isa = PBXFileReference; lastKnownFileType = sourcecode.swift; path = TDiagramTableViewCell.swift; sourceTree = "<group>"; };
		69311E3415F9FD31998AB7EC /* Pods-SiteAssessment.debug.xcconfig */ = {isa = PBXFileReference; includeInIndex = 1; lastKnownFileType = text.xcconfig; name = "Pods-SiteAssessment.debug.xcconfig"; path = "Pods/Target Support Files/Pods-SiteAssessment/Pods-SiteAssessment.debug.xcconfig"; sourceTree = "<group>"; };
		BCD8C41195D9EF290CA279DE /* Pods-SiteAssessment.release.xcconfig */ = {isa = PBXFileReference; includeInIndex = 1; lastKnownFileType = text.xcconfig; name = "Pods-SiteAssessment.release.xcconfig"; path = "Pods/Target Support Files/Pods-SiteAssessment/Pods-SiteAssessment.release.xcconfig"; sourceTree = "<group>"; };
/* End PBXFileReference section */

/* Begin PBXFrameworksBuildPhase section */
		08CA58862109ACC100AF4059 /* Frameworks */ = {
			isa = PBXFrameworksBuildPhase;
			buildActionMask = 2147483647;
			files = (
				9283352471F27ADC5055DF48 /* Pods_SiteAssessment.framework in Frameworks */,
			);
			runOnlyForDeploymentPostprocessing = 0;
		};
/* End PBXFrameworksBuildPhase section */

/* Begin PBXGroup section */
		0860F5A121186B9200E6B5CD /* Object */ = {
			isa = PBXGroup;
			children = (
				0860F5A221186BE000E6B5CD /* ProjectInformation.swift */,
			);
			path = Object;
			sourceTree = "<group>";
		};
		08CA58802109ACC100AF4059 = {
			isa = PBXGroup;
			children = (
				08CA58A12109AD0E00AF4059 /* Podfile */,
				08CA588B2109ACC100AF4059 /* SiteAssessment */,
				08CA588A2109ACC100AF4059 /* Products */,
				DE36767CF8755A603D267520 /* Pods */,
				2C9291195BD43E4958304FFC /* Frameworks */,
				08CA58A52109B2B800AF4059 /* SiteAssessment-Bridging-Header.h */,
			);
			sourceTree = "<group>";
		};
		08CA588A2109ACC100AF4059 /* Products */ = {
			isa = PBXGroup;
			children = (
				08CA58892109ACC100AF4059 /* SiteAssessment.app */,
			);
			name = Products;
			sourceTree = "<group>";
		};
		08CA588B2109ACC100AF4059 /* SiteAssessment */ = {
			isa = PBXGroup;
			children = (
				1647115D21315D0C0044BB0F /* Thirdlibary */,
				1647113021315B7D0044BB0F /* HGimage */,
				0860F5A121186B9200E6B5CD /* Object */,
				1647112F21315AC10044BB0F /* Model */,
				1647118C2132D7D00044BB0F /* Expand */,
				1647114A21315C9F0044BB0F /* Other */,
				1647113F21315BB20044BB0F /* Main */,
				08CA58C42109F92A00AF4059 /* KeyBoard */,
				1647115521315CAA0044BB0F /* Data */,
				08CA58AF2109F92300AF4059 /* Icon */,
				08CA588C2109ACC100AF4059 /* AppDelegate.swift */,
				08CA58962109ACC300AF4059 /* Assets.xcassets */,
				08CA58982109ACC300AF4059 /* LaunchScreen.storyboard */,
				08CA589B2109ACC300AF4059 /* Info.plist */,
			);
			path = SiteAssessment;
			sourceTree = "<group>";
		};
		08CA58AF2109F92300AF4059 /* Icon */ = {
			isa = PBXGroup;
			children = (
				08CA58B02109F92300AF4059 /* icon_xl@2x.png */,
				08CA58B12109F92300AF4059 /* icon_xl@3x.png */,
				08CA58B22109F92300AF4059 /* icon_xl.png */,
				08CA58B32109F92300AF4059 /* icon_mr@2x.png */,
				08CA58B42109F92300AF4059 /* icon_mr@3x.png */,
				08CA58B52109F92300AF4059 /* Main_Breaker_Panel_Diagram.png */,
				08CA58B62109F92300AF4059 /* radio_Y.png */,
				08CA58B72109F92300AF4059 /* radio_N.png */,
				08CA58B82109F92300AF4059 /* Truss_Type.png */,
				08CA58B92109F92300AF4059 /* icon_mr.png */,
			);
			path = Icon;
			sourceTree = "<group>";
		};
		08CA58C42109F92A00AF4059 /* KeyBoard */ = {
			isa = PBXGroup;
			children = (
				08CA58C52109F92A00AF4059 /* Image */,
				08CA58D02109F92A00AF4059 /* Model */,
				08CA58D22109F92A00AF4059 /* View */,
			);
			path = KeyBoard;
			sourceTree = "<group>";
		};
		08CA58C52109F92A00AF4059 /* Image */ = {
			isa = PBXGroup;
			children = (
				08CA58C62109F92A00AF4059 /* newdelete_b@3x.png */,
				08CA58C72109F92A00AF4059 /* up_b@3x.png */,
				08CA58C82109F92A00AF4059 /* up_b@2x.png */,
				08CA58C92109F92A00AF4059 /* newdelete_b@2x.png */,
				08CA58CA2109F92A00AF4059 /* keyboard_magnifier@2x.png */,
				08CA58CB2109F92A00AF4059 /* keyboard_magnifier@3x.png */,
				08CA58CC2109F92A00AF4059 /* newdelete_a@2x.png */,
				08CA58CD2109F92A00AF4059 /* up_a@2x.png */,
				08CA58CE2109F92A00AF4059 /* up_a@3x.png */,
				08CA58CF2109F92A00AF4059 /* newdelete_a@3x.png */,
			);
			path = Image;
			sourceTree = "<group>";
		};
		08CA58D02109F92A00AF4059 /* Model */ = {
			isa = PBXGroup;
			children = (
				08CA58D12109F92A00AF4059 /* KeyBoardModel.swift */,
			);
			path = Model;
			sourceTree = "<group>";
		};
		08CA58D22109F92A00AF4059 /* View */ = {
			isa = PBXGroup;
			children = (
				08CA58D32109F92A00AF4059 /* KeyBoardTipView.swift */,
				08CA58D42109F92A00AF4059 /* KeyBoardView.swift */,
				08CA58D52109F92A00AF4059 /* KeyBoardCell.swift */,
			);
			path = View;
			sourceTree = "<group>";
		};
		1647112F21315AC10044BB0F /* Model */ = {
			isa = PBXGroup;
			children = (
				1647118921319F810044BB0F /* SiteRootModel.h */,
				1647118A21319F810044BB0F /* SiteRootModel.m */,
			);
			path = Model;
			sourceTree = "<group>";
		};
		1647113021315B7D0044BB0F /* HGimage */ = {
			isa = PBXGroup;
			children = (
				1647113121315B7D0044BB0F /* HGImageCompleteButton.swift */,
				1647113321315B7D0044BB0F /* HGImageCollectionViewController.swift */,
				1647113421315B7D0044BB0F /* HGImageCollectionViewCell.swift */,
				1647113621315B7D0044BB0F /* HGImagePickerCell.swift */,
				1647113721315B7D0044BB0F /* HGImagePickerController.swift */,
				1647113221315B7D0044BB0F /* HGImage.storyboard */,
				1647113521315B7D0044BB0F /* HGImage.xcassets */,
			);
			path = HGimage;
			sourceTree = "<group>";
		};
		1647113F21315BB20044BB0F /* Main */ = {
			isa = PBXGroup;
			children = (
				1647118621316B1C0044BB0F /* View */,
				1647114221315BB20044BB0F /* Main.storyboard */,
				1647114021315BB20044BB0F /* ViewController.swift */,
				1647114321315BB20044BB0F /* ProductListViewController.swift */,
				1647114421315BB20044BB0F /* ProjectListViewController.swift */,
				1647114121315BB20044BB0F /* NewProjectViewController.swift */,
				16471184213162660044BB0F /* ProjectResultViewController.swift */,
				5ED483872151F50F00401A5F /* AddProjectViewController.swift */,
			);
			path = Main;
			sourceTree = "<group>";
		};
		1647114A21315C9F0044BB0F /* Other */ = {
			isa = PBXGroup;
			children = (
				1647114B21315C9F0044BB0F /* UploadGoogleDrive.swift */,
				1647114C21315C9F0044BB0F /* UIViewController.swift */,
				1647114D21315C9F0044BB0F /* UploadProject.swift */,
				1647114E21315C9F0044BB0F /* CollapsibleTableViewHeader.swift */,
				1647114F21315C9F0044BB0F /* QuestionsCell.swift */,
				5ED4839221523A3700401A5F /* TQuestionTableViewCell.swift */,
				5ED483942152434400401A5F /* TCheckBoxTableViewCell.swift */,
				5ED48396215253B600401A5F /* TDiagramTableViewCell.swift */,
			);
			path = Other;
			sourceTree = "<group>";
		};
		1647115521315CAA0044BB0F /* Data */ = {
			isa = PBXGroup;
			children = (
				1647115621315CAA0044BB0F /* SiteAssessment.xcdatamodeld */,
				1647115821315CAA0044BB0F /* GoogleService-Info.plist */,
				1647115921315CAA0044BB0F /* QuestionsList.plist */,
			);
			path = Data;
			sourceTree = "<group>";
		};
		1647115D21315D0C0044BB0F /* Thirdlibary */ = {
			isa = PBXGroup;
			children = (
			);
			path = Thirdlibary;
			sourceTree = "<group>";
		};
		1647118621316B1C0044BB0F /* View */ = {
			isa = PBXGroup;
			children = (
				1647118721316B430044BB0F /* ProjectResultTableViewCell.swift */,
				16AC3CD321358C470019AAD4 /* ProjectResultHeadView.swift */,
				16AC3CD521358C560019AAD4 /* ProjectResultHeadView.xib */,
			);
			path = View;
			sourceTree = "<group>";
		};
		1647118C2132D7D00044BB0F /* Expand */ = {
			isa = PBXGroup;
			children = (
				1647119321357E890044BB0F /* Category */,
				1647118D2132D7D00044BB0F /* Tool */,
			);
			path = Expand;
			sourceTree = "<group>";
		};
		1647118D2132D7D00044BB0F /* Tool */ = {
			isa = PBXGroup;
			children = (
				164711912132D7F00044BB0F /* THTool.swift */,
				16AC3CD721359C7E0019AAD4 /* conmon.swift */,
			);
			path = Tool;
			sourceTree = "<group>";
		};
		1647119321357E890044BB0F /* Category */ = {
			isa = PBXGroup;
			children = (
				1647119421357EB20044BB0F /* UIImag+Extension .swift */,
			);
			path = Category;
			sourceTree = "<group>";
		};
		2C9291195BD43E4958304FFC /* Frameworks */ = {
			isa = PBXGroup;
			children = (
				4F1C8F0CD99A2057F549487B /* Pods_SiteAssessment.framework */,
			);
			name = Frameworks;
			sourceTree = "<group>";
		};
		DE36767CF8755A603D267520 /* Pods */ = {
			isa = PBXGroup;
			children = (
				69311E3415F9FD31998AB7EC /* Pods-SiteAssessment.debug.xcconfig */,
				BCD8C41195D9EF290CA279DE /* Pods-SiteAssessment.release.xcconfig */,
			);
			name = Pods;
			sourceTree = "<group>";
		};
/* End PBXGroup section */

/* Begin PBXNativeTarget section */
		08CA58882109ACC100AF4059 /* SiteAssessment */ = {
			isa = PBXNativeTarget;
			buildConfigurationList = 08CA589E2109ACC300AF4059 /* Build configuration list for PBXNativeTarget "SiteAssessment" */;
			buildPhases = (
				5110714C5B64806BE8327DE2 /* [CP] Check Pods Manifest.lock */,
				08CA58852109ACC100AF4059 /* Sources */,
				08CA58862109ACC100AF4059 /* Frameworks */,
				08CA58872109ACC100AF4059 /* Resources */,
				CBDD00D2FAA01C313B739179 /* [CP] Copy Pods Resources */,
				089B89751EE779FA5084E406 /* [CP] Embed Pods Frameworks */,
			);
			buildRules = (
			);
			dependencies = (
			);
			name = SiteAssessment;
			productName = SiteAssessment;
			productReference = 08CA58892109ACC100AF4059 /* SiteAssessment.app */;
			productType = "com.apple.product-type.application";
		};
/* End PBXNativeTarget section */

/* Begin PBXProject section */
		08CA58812109ACC100AF4059 /* Project object */ = {
			isa = PBXProject;
			attributes = {
				LastSwiftUpdateCheck = 0940;
				LastUpgradeCheck = 0940;
				ORGANIZATIONNAME = OMGdadada;
				TargetAttributes = {
					08CA58882109ACC100AF4059 = {
						CreatedOnToolsVersion = 9.4.1;
						LastSwiftMigration = 0940;
						ProvisioningStyle = Automatic;
					};
				};
			};
			buildConfigurationList = 08CA58842109ACC100AF4059 /* Build configuration list for PBXProject "SiteAssessment" */;
			compatibilityVersion = "Xcode 8.0";
			developmentRegion = en;
			hasScannedForEncodings = 0;
			knownRegions = (
				en,
				Base,
			);
			mainGroup = 08CA58802109ACC100AF4059;
			productRefGroup = 08CA588A2109ACC100AF4059 /* Products */;
			projectDirPath = "";
			projectRoot = "";
			targets = (
				08CA58882109ACC100AF4059 /* SiteAssessment */,
			);
		};
/* End PBXProject section */

/* Begin PBXResourcesBuildPhase section */
		08CA58872109ACC100AF4059 /* Resources */ = {
			isa = PBXResourcesBuildPhase;
			buildActionMask = 2147483647;
			files = (
				08CA58BF2109F92300AF4059 /* Main_Breaker_Panel_Diagram.png in Resources */,
				08CA58BB2109F92300AF4059 /* icon_xl@3x.png in Resources */,
				1647113921315B7D0044BB0F /* HGImage.storyboard in Resources */,
				08CA58BC2109F92300AF4059 /* icon_xl.png in Resources */,
				08CA58DB2109F92A00AF4059 /* keyboard_magnifier@3x.png in Resources */,
				08CA58D62109F92A00AF4059 /* newdelete_b@3x.png in Resources */,
				08CA58DD2109F92A00AF4059 /* up_a@2x.png in Resources */,
				1647114721315BB20044BB0F /* Main.storyboard in Resources */,
				1647115C21315CAA0044BB0F /* QuestionsList.plist in Resources */,
				08CA589A2109ACC300AF4059 /* LaunchScreen.storyboard in Resources */,
				08CA58DA2109F92A00AF4059 /* keyboard_magnifier@2x.png in Resources */,
				08CA58D92109F92A00AF4059 /* newdelete_b@2x.png in Resources */,
				1647115B21315CAA0044BB0F /* GoogleService-Info.plist in Resources */,
				1647113C21315B7D0044BB0F /* HGImage.xcassets in Resources */,
				08CA58DF2109F92A00AF4059 /* newdelete_a@3x.png in Resources */,
				08CA58DC2109F92A00AF4059 /* newdelete_a@2x.png in Resources */,
				08CA58D72109F92A00AF4059 /* up_b@3x.png in Resources */,
				08CA58C02109F92300AF4059 /* radio_Y.png in Resources */,
				08CA58C32109F92300AF4059 /* icon_mr.png in Resources */,
				08CA58D82109F92A00AF4059 /* up_b@2x.png in Resources */,
				08CA58972109ACC300AF4059 /* Assets.xcassets in Resources */,
				08CA58C12109F92300AF4059 /* radio_N.png in Resources */,
				08CA58C22109F92300AF4059 /* Truss_Type.png in Resources */,
				08CA58A22109AD0E00AF4059 /* Podfile in Resources */,
				08CA58BD2109F92300AF4059 /* icon_mr@2x.png in Resources */,
				08CA58BE2109F92300AF4059 /* icon_mr@3x.png in Resources */,
				16AC3CD621358C560019AAD4 /* ProjectResultHeadView.xib in Resources */,
				08CA58DE2109F92A00AF4059 /* up_a@3x.png in Resources */,
				08CA58BA2109F92300AF4059 /* icon_xl@2x.png in Resources */,
			);
			runOnlyForDeploymentPostprocessing = 0;
		};
/* End PBXResourcesBuildPhase section */

/* Begin PBXShellScriptBuildPhase section */
		089B89751EE779FA5084E406 /* [CP] Embed Pods Frameworks */ = {
			isa = PBXShellScriptBuildPhase;
			buildActionMask = 2147483647;
			files = (
			);
			inputPaths = (
				"${SRCROOT}/Pods/Target Support Files/Pods-SiteAssessment/Pods-SiteAssessment-frameworks.sh",
				"${BUILT_PRODUCTS_DIR}/Alamofire/Alamofire.framework",
				"${BUILT_PRODUCTS_DIR}/GTMOAuth2/GTMOAuth2.framework",
				"${BUILT_PRODUCTS_DIR}/GTMSessionFetcher/GTMSessionFetcher.framework",
				"${BUILT_PRODUCTS_DIR}/GoogleAPIClientForREST/GoogleAPIClientForREST.framework",
				"${BUILT_PRODUCTS_DIR}/GoogleToolboxForMac/GoogleToolboxForMac.framework",
				"${BUILT_PRODUCTS_DIR}/MJExtension/MJExtension.framework",
			);
			name = "[CP] Embed Pods Frameworks";
			outputPaths = (
				"${TARGET_BUILD_DIR}/${FRAMEWORKS_FOLDER_PATH}/Alamofire.framework",
				"${TARGET_BUILD_DIR}/${FRAMEWORKS_FOLDER_PATH}/GTMOAuth2.framework",
				"${TARGET_BUILD_DIR}/${FRAMEWORKS_FOLDER_PATH}/GTMSessionFetcher.framework",
				"${TARGET_BUILD_DIR}/${FRAMEWORKS_FOLDER_PATH}/GoogleAPIClientForREST.framework",
				"${TARGET_BUILD_DIR}/${FRAMEWORKS_FOLDER_PATH}/GoogleToolboxForMac.framework",
				"${TARGET_BUILD_DIR}/${FRAMEWORKS_FOLDER_PATH}/MJExtension.framework",
			);
			runOnlyForDeploymentPostprocessing = 0;
			shellPath = /bin/sh;
			shellScript = "\"${SRCROOT}/Pods/Target Support Files/Pods-SiteAssessment/Pods-SiteAssessment-frameworks.sh\"\n";
			showEnvVarsInLog = 0;
		};
		5110714C5B64806BE8327DE2 /* [CP] Check Pods Manifest.lock */ = {
			isa = PBXShellScriptBuildPhase;
			buildActionMask = 2147483647;
			files = (
			);
			inputPaths = (
				"${PODS_PODFILE_DIR_PATH}/Podfile.lock",
				"${PODS_ROOT}/Manifest.lock",
			);
			name = "[CP] Check Pods Manifest.lock";
			outputPaths = (
				"$(DERIVED_FILE_DIR)/Pods-SiteAssessment-checkManifestLockResult.txt",
			);
			runOnlyForDeploymentPostprocessing = 0;
			shellPath = /bin/sh;
			shellScript = "diff \"${PODS_PODFILE_DIR_PATH}/Podfile.lock\" \"${PODS_ROOT}/Manifest.lock\" > /dev/null\nif [ $? != 0 ] ; then\n    # print error to STDERR\n    echo \"error: The sandbox is not in sync with the Podfile.lock. Run 'pod install' or update your CocoaPods installation.\" >&2\n    exit 1\nfi\n# This output is used by Xcode 'outputs' to avoid re-running this script phase.\necho \"SUCCESS\" > \"${SCRIPT_OUTPUT_FILE_0}\"\n";
			showEnvVarsInLog = 0;
		};
		CBDD00D2FAA01C313B739179 /* [CP] Copy Pods Resources */ = {
			isa = PBXShellScriptBuildPhase;
			buildActionMask = 2147483647;
			files = (
			);
			inputPaths = (
				"${SRCROOT}/Pods/Target Support Files/Pods-SiteAssessment/Pods-SiteAssessment-resources.sh",
				"${PODS_ROOT}/GoogleSignIn/Resources/GoogleSignIn.bundle",
			);
			name = "[CP] Copy Pods Resources";
			outputPaths = (
				"${TARGET_BUILD_DIR}/${UNLOCALIZED_RESOURCES_FOLDER_PATH}",
			);
			runOnlyForDeploymentPostprocessing = 0;
			shellPath = /bin/sh;
			shellScript = "\"${SRCROOT}/Pods/Target Support Files/Pods-SiteAssessment/Pods-SiteAssessment-resources.sh\"\n";
			showEnvVarsInLog = 0;
		};
/* End PBXShellScriptBuildPhase section */

/* Begin PBXSourcesBuildPhase section */
		08CA58852109ACC100AF4059 /* Sources */ = {
			isa = PBXSourcesBuildPhase;
			buildActionMask = 2147483647;
			files = (
				0860F5A321186BE000E6B5CD /* ProjectInformation.swift in Sources */,
				1647113A21315B7D0044BB0F /* HGImageCollectionViewController.swift in Sources */,
				5ED48397215253B600401A5F /* TDiagramTableViewCell.swift in Sources */,
				5ED483952152434400401A5F /* TCheckBoxTableViewCell.swift in Sources */,
				1647115A21315CAA0044BB0F /* SiteAssessment.xcdatamodeld in Sources */,
				1647118B21319F810044BB0F /* SiteRootModel.m in Sources */,
				1647115121315C9F0044BB0F /* UIViewController.swift in Sources */,
				16471185213162660044BB0F /* ProjectResultViewController.swift in Sources */,
				1647114821315BB20044BB0F /* ProductListViewController.swift in Sources */,
				1647113B21315B7D0044BB0F /* HGImageCollectionViewCell.swift in Sources */,
				08CA58E02109F92A00AF4059 /* KeyBoardModel.swift in Sources */,
				1647113E21315B7D0044BB0F /* HGImagePickerController.swift in Sources */,
				1647119521357EB20044BB0F /* UIImag+Extension .swift in Sources */,
				16AC3CD421358C470019AAD4 /* ProjectResultHeadView.swift in Sources */,
				1647115221315C9F0044BB0F /* UploadProject.swift in Sources */,
				164711922132D7F00044BB0F /* THTool.swift in Sources */,
				1647114621315BB20044BB0F /* NewProjectViewController.swift in Sources */,
				1647113821315B7D0044BB0F /* HGImageCompleteButton.swift in Sources */,
				1647115421315C9F0044BB0F /* QuestionsCell.swift in Sources */,
				16AC3CD821359C7E0019AAD4 /* conmon.swift in Sources */,
				5ED4839321523A3700401A5F /* TQuestionTableViewCell.swift in Sources */,
				1647115321315C9F0044BB0F /* CollapsibleTableViewHeader.swift in Sources */,
				5ED483882151F50F00401A5F /* AddProjectViewController.swift in Sources */,
				08CA58E22109F92A00AF4059 /* KeyBoardView.swift in Sources */,
				08CA58E32109F92A00AF4059 /* KeyBoardCell.swift in Sources */,
				08CA58E12109F92A00AF4059 /* KeyBoardTipView.swift in Sources */,
				1647114921315BB20044BB0F /* ProjectListViewController.swift in Sources */,
				1647114521315BB20044BB0F /* ViewController.swift in Sources */,
				08CA588D2109ACC100AF4059 /* AppDelegate.swift in Sources */,
				1647113D21315B7D0044BB0F /* HGImagePickerCell.swift in Sources */,
				1647115021315C9F0044BB0F /* UploadGoogleDrive.swift in Sources */,
				1647118821316B430044BB0F /* ProjectResultTableViewCell.swift in Sources */,
			);
			runOnlyForDeploymentPostprocessing = 0;
		};
/* End PBXSourcesBuildPhase section */

/* Begin PBXVariantGroup section */
		08CA58982109ACC300AF4059 /* LaunchScreen.storyboard */ = {
			isa = PBXVariantGroup;
			children = (
				08CA58992109ACC300AF4059 /* Base */,
			);
			name = LaunchScreen.storyboard;
			sourceTree = "<group>";
		};
/* End PBXVariantGroup section */

/* Begin XCBuildConfiguration section */
		08CA589C2109ACC300AF4059 /* Debug */ = {
			isa = XCBuildConfiguration;
			buildSettings = {
				ALWAYS_SEARCH_USER_PATHS = NO;
				CLANG_ANALYZER_NONNULL = YES;
				CLANG_ANALYZER_NUMBER_OBJECT_CONVERSION = YES_AGGRESSIVE;
				CLANG_CXX_LANGUAGE_STANDARD = "gnu++14";
				CLANG_CXX_LIBRARY = "libc++";
				CLANG_ENABLE_MODULES = YES;
				CLANG_ENABLE_OBJC_ARC = YES;
				CLANG_ENABLE_OBJC_WEAK = YES;
				CLANG_WARN_BLOCK_CAPTURE_AUTORELEASING = YES;
				CLANG_WARN_BOOL_CONVERSION = YES;
				CLANG_WARN_COMMA = YES;
				CLANG_WARN_CONSTANT_CONVERSION = YES;
				CLANG_WARN_DEPRECATED_OBJC_IMPLEMENTATIONS = YES;
				CLANG_WARN_DIRECT_OBJC_ISA_USAGE = YES_ERROR;
				CLANG_WARN_DOCUMENTATION_COMMENTS = YES;
				CLANG_WARN_EMPTY_BODY = YES;
				CLANG_WARN_ENUM_CONVERSION = YES;
				CLANG_WARN_INFINITE_RECURSION = YES;
				CLANG_WARN_INT_CONVERSION = YES;
				CLANG_WARN_NON_LITERAL_NULL_CONVERSION = YES;
				CLANG_WARN_OBJC_IMPLICIT_RETAIN_SELF = YES;
				CLANG_WARN_OBJC_LITERAL_CONVERSION = YES;
				CLANG_WARN_OBJC_ROOT_CLASS = YES_ERROR;
				CLANG_WARN_RANGE_LOOP_ANALYSIS = YES;
				CLANG_WARN_STRICT_PROTOTYPES = YES;
				CLANG_WARN_SUSPICIOUS_MOVE = YES;
				CLANG_WARN_UNGUARDED_AVAILABILITY = YES_AGGRESSIVE;
				CLANG_WARN_UNREACHABLE_CODE = YES;
				CLANG_WARN__DUPLICATE_METHOD_MATCH = YES;
				CODE_SIGN_IDENTITY = "iPhone Developer";
				COPY_PHASE_STRIP = NO;
				DEBUG_INFORMATION_FORMAT = dwarf;
				ENABLE_STRICT_OBJC_MSGSEND = YES;
				ENABLE_TESTABILITY = YES;
				GCC_C_LANGUAGE_STANDARD = gnu11;
				GCC_DYNAMIC_NO_PIC = NO;
				GCC_NO_COMMON_BLOCKS = YES;
				GCC_OPTIMIZATION_LEVEL = 0;
				GCC_PREPROCESSOR_DEFINITIONS = (
					"DEBUG=1",
					"$(inherited)",
				);
				GCC_WARN_64_TO_32_BIT_CONVERSION = YES;
				GCC_WARN_ABOUT_RETURN_TYPE = YES_ERROR;
				GCC_WARN_UNDECLARED_SELECTOR = YES;
				GCC_WARN_UNINITIALIZED_AUTOS = YES_AGGRESSIVE;
				GCC_WARN_UNUSED_FUNCTION = YES;
				GCC_WARN_UNUSED_VARIABLE = YES;
				IPHONEOS_DEPLOYMENT_TARGET = 11.4;
				MTL_ENABLE_DEBUG_INFO = YES;
				ONLY_ACTIVE_ARCH = YES;
				SDKROOT = iphoneos;
				SWIFT_ACTIVE_COMPILATION_CONDITIONS = DEBUG;
				SWIFT_OPTIMIZATION_LEVEL = "-Onone";
			};
			name = Debug;
		};
		08CA589D2109ACC300AF4059 /* Release */ = {
			isa = XCBuildConfiguration;
			buildSettings = {
				ALWAYS_SEARCH_USER_PATHS = NO;
				CLANG_ANALYZER_NONNULL = YES;
				CLANG_ANALYZER_NUMBER_OBJECT_CONVERSION = YES_AGGRESSIVE;
				CLANG_CXX_LANGUAGE_STANDARD = "gnu++14";
				CLANG_CXX_LIBRARY = "libc++";
				CLANG_ENABLE_MODULES = YES;
				CLANG_ENABLE_OBJC_ARC = YES;
				CLANG_ENABLE_OBJC_WEAK = YES;
				CLANG_WARN_BLOCK_CAPTURE_AUTORELEASING = YES;
				CLANG_WARN_BOOL_CONVERSION = YES;
				CLANG_WARN_COMMA = YES;
				CLANG_WARN_CONSTANT_CONVERSION = YES;
				CLANG_WARN_DEPRECATED_OBJC_IMPLEMENTATIONS = YES;
				CLANG_WARN_DIRECT_OBJC_ISA_USAGE = YES_ERROR;
				CLANG_WARN_DOCUMENTATION_COMMENTS = YES;
				CLANG_WARN_EMPTY_BODY = YES;
				CLANG_WARN_ENUM_CONVERSION = YES;
				CLANG_WARN_INFINITE_RECURSION = YES;
				CLANG_WARN_INT_CONVERSION = YES;
				CLANG_WARN_NON_LITERAL_NULL_CONVERSION = YES;
				CLANG_WARN_OBJC_IMPLICIT_RETAIN_SELF = YES;
				CLANG_WARN_OBJC_LITERAL_CONVERSION = YES;
				CLANG_WARN_OBJC_ROOT_CLASS = YES_ERROR;
				CLANG_WARN_RANGE_LOOP_ANALYSIS = YES;
				CLANG_WARN_STRICT_PROTOTYPES = YES;
				CLANG_WARN_SUSPICIOUS_MOVE = YES;
				CLANG_WARN_UNGUARDED_AVAILABILITY = YES_AGGRESSIVE;
				CLANG_WARN_UNREACHABLE_CODE = YES;
				CLANG_WARN__DUPLICATE_METHOD_MATCH = YES;
				CODE_SIGN_IDENTITY = "iPhone Developer";
				COPY_PHASE_STRIP = NO;
				DEBUG_INFORMATION_FORMAT = "dwarf-with-dsym";
				ENABLE_NS_ASSERTIONS = NO;
				ENABLE_STRICT_OBJC_MSGSEND = YES;
				GCC_C_LANGUAGE_STANDARD = gnu11;
				GCC_NO_COMMON_BLOCKS = YES;
				GCC_WARN_64_TO_32_BIT_CONVERSION = YES;
				GCC_WARN_ABOUT_RETURN_TYPE = YES_ERROR;
				GCC_WARN_UNDECLARED_SELECTOR = YES;
				GCC_WARN_UNINITIALIZED_AUTOS = YES_AGGRESSIVE;
				GCC_WARN_UNUSED_FUNCTION = YES;
				GCC_WARN_UNUSED_VARIABLE = YES;
				IPHONEOS_DEPLOYMENT_TARGET = 11.4;
				MTL_ENABLE_DEBUG_INFO = NO;
				SDKROOT = iphoneos;
				SWIFT_COMPILATION_MODE = wholemodule;
				SWIFT_OPTIMIZATION_LEVEL = "-O";
				VALIDATE_PRODUCT = YES;
			};
			name = Release;
		};
		08CA589F2109ACC300AF4059 /* Debug */ = {
			isa = XCBuildConfiguration;
			baseConfigurationReference = 69311E3415F9FD31998AB7EC /* Pods-SiteAssessment.debug.xcconfig */;
			buildSettings = {
				ASSETCATALOG_COMPILER_APPICON_NAME = "AppIcon-1";
				CLANG_ENABLE_MODULES = YES;
				CODE_SIGN_STYLE = Automatic;
				DEVELOPMENT_TEAM = BN4H5C83Z9;
				INFOPLIST_FILE = SiteAssessment/Info.plist;
				IPHONEOS_DEPLOYMENT_TARGET = 10;
				LD_RUNPATH_SEARCH_PATHS = "$(inherited) @executable_path/Frameworks";
				PRODUCT_BUNDLE_IDENTIFIER = com.polaronsolar.siteassessment.SiteAssessment;
				PRODUCT_NAME = "$(TARGET_NAME)";
				SWIFT_OBJC_BRIDGING_HEADER = "SiteAssessment-Bridging-Header.h";
				SWIFT_OPTIMIZATION_LEVEL = "-Onone";
				SWIFT_VERSION = 4.0;
				TARGETED_DEVICE_FAMILY = "1,2";
				USER_HEADER_SEARCH_PATHS = "${SRCROOT}/**";
			};
			name = Debug;
		};
		08CA58A02109ACC300AF4059 /* Release */ = {
			isa = XCBuildConfiguration;
			baseConfigurationReference = BCD8C41195D9EF290CA279DE /* Pods-SiteAssessment.release.xcconfig */;
			buildSettings = {
				ASSETCATALOG_COMPILER_APPICON_NAME = "AppIcon-1";
				CLANG_ENABLE_MODULES = YES;
				CODE_SIGN_STYLE = Automatic;
				DEVELOPMENT_TEAM = BN4H5C83Z9;
				INFOPLIST_FILE = SiteAssessment/Info.plist;
				IPHONEOS_DEPLOYMENT_TARGET = 10;
				LD_RUNPATH_SEARCH_PATHS = "$(inherited) @executable_path/Frameworks";
				PRODUCT_BUNDLE_IDENTIFIER = com.polaronsolar.siteassessment.SiteAssessment;
				PRODUCT_NAME = "$(TARGET_NAME)";
				SWIFT_OBJC_BRIDGING_HEADER = "SiteAssessment-Bridging-Header.h";
				SWIFT_VERSION = 4.0;
				TARGETED_DEVICE_FAMILY = "1,2";
				USER_HEADER_SEARCH_PATHS = "${SRCROOT}/**";
			};
			name = Release;
		};
/* End XCBuildConfiguration section */

/* Begin XCConfigurationList section */
		08CA58842109ACC100AF4059 /* Build configuration list for PBXProject "SiteAssessment" */ = {
			isa = XCConfigurationList;
			buildConfigurations = (
				08CA589C2109ACC300AF4059 /* Debug */,
				08CA589D2109ACC300AF4059 /* Release */,
			);
			defaultConfigurationIsVisible = 0;
			defaultConfigurationName = Release;
		};
		08CA589E2109ACC300AF4059 /* Build configuration list for PBXNativeTarget "SiteAssessment" */ = {
			isa = XCConfigurationList;
			buildConfigurations = (
				08CA589F2109ACC300AF4059 /* Debug */,
				08CA58A02109ACC300AF4059 /* Release */,
			);
			defaultConfigurationIsVisible = 0;
			defaultConfigurationName = Release;
		};
/* End XCConfigurationList section */

/* Begin XCVersionGroup section */
		1647115621315CAA0044BB0F /* SiteAssessment.xcdatamodeld */ = {
			isa = XCVersionGroup;
			children = (
				1647115721315CAA0044BB0F /* SiteAssessment.xcdatamodel */,
			);
			currentVersion = 1647115721315CAA0044BB0F /* SiteAssessment.xcdatamodel */;
			path = SiteAssessment.xcdatamodeld;
			sourceTree = "<group>";
			versionGroupType = wrapper.xcdatamodel;
		};
/* End XCVersionGroup section */
	};
	rootObject = 08CA58812109ACC100AF4059 /* Project object */;
}
